
Microsoft Visual Studio Solution File, Format Version 12.00
# Visual Studio 15
VisualStudioVersion = 15.0.28307.136
MinimumVisualStudioVersion = 10.0.40219.1
Project("{FAE04EC0-301F-11D3-BF4B-00C04F79EFBC}") = "InvoiceManagement", "InvoiceManagement\InvoiceManagement.csproj", "{74FB86D9-3290-4634-9A9E-7215E713D464}"
EndProject
Global
	GlobalSection(SolutionConfigurationPlatforms) = preSolution
		Debug|Any CPU = Debug|Any CPU
		Release|Any CPU = Release|Any CPU
	EndGlobalSection
	GlobalSection(ProjectConfigurationPlatforms) = postSolution
		{74FB86D9-3290-4634-9A9E-7215E713D464}.Debug|Any CPU.ActiveCfg = Debug|Any CPU
		{74FB86D9-3290-4634-9A9E-7215E713D464}.Debug|Any CPU.Build.0 = Debug|Any CPU
		{74FB86D9-3290-4634-9A9E-7215E713D464}.Release|Any CPU.ActiveCfg = Release|Any CPU
		{74FB86D9-3290-4634-9A9E-7215E713D464}.Release|Any CPU.Build.0 = Release|Any CPU
	EndGlobalSection
	GlobalSection(SolutionProperties) = preSolution
		HideSolutionNode = FALSE
	EndGlobalSection
	GlobalSection(ExtensibilityGlobals) = postSolution
		SolutionGuid = {DFA33BC1-88F4-4114-B952-4FD4011C5A6E}
	EndGlobalSection
EndGlobal
